PODS:
  - boost (1.76.0)
  - CocoaAsyncSocket (7.6.5)
  - DoubleConversion (1.1.6)
  - EXApplication (5.0.1):
    - ExpoModulesCore
  - EXConstants (14.0.2):
    - ExpoModulesCore
  - EXDevice (5.0.0):
    - ExpoModulesCore
  - EXFileSystem (15.1.1):
    - ExpoModulesCore
  - EXFont (11.0.1):
    - ExpoModulesCore
  - Expo (47.0.14):
    - ExpoModulesCore
  - ExpoKeepAwake (11.0.1):
    - ExpoModulesCore
  - ExpoLocalization (14.0.0):
    - ExpoModulesCore
  - ExpoModulesCore (1.1.1):
    - React-Core
    - ReactCommon/turbomodule/core
  - EXSplashScreen (0.17.5):
    - ExpoModulesCore
    - React-Core
  - FBLazyVector (0.70.8)
  - FBReactNativeSpec (0.70.8):
    - RCT-Folly (= 2021.07.22.00)
    - RCTRequired (= 0.70.8)
    - RCTTypeSafety (= 0.70.8)
    - React-Core (= 0.70.8)
    - React-jsi (= 0.70.8)
    - ReactCommon/turbomodule/core (= 0.70.8)
  - Flipper (0.125.0):
    - Flipper-Folly (~> 2.6)
    - Flipper-RSocket (~> 1.4)
  - Flipper-Boost-iOSX (1.76.0.1.11)
  - Flipper-DoubleConversion (3.2.0.1)
  - Flipper-Fmt (7.1.7)
  - Flipper-Folly (2.6.10):
    - Flipper-Boost-iOSX
    - Flipper-DoubleConversion
    - Flipper-Fmt (= 7.1.7)
    - Flipper-Glog
    - libevent (~> 2.1.12)
    - OpenSSL-Universal (= 1.1.1100)
  - Flipper-Glog (0.5.0.5)
  - Flipper-PeerTalk (0.0.4)
  - Flipper-RSocket (1.4.3):
    - Flipper-Folly (~> 2.6)
  - FlipperKit (0.125.0):
    - FlipperKit/Core (= 0.125.0)
  - FlipperKit/Core (0.125.0):
    - Flipper (~> 0.125.0)
    - FlipperKit/CppBridge
    - FlipperKit/FBCxxFollyDynamicConvert
    - FlipperKit/FBDefines
    - FlipperKit/FKPortForwarding
    - SocketRocket (~> 0.6.0)
  - FlipperKit/CppBridge (0.125.0):
    - Flipper (~> 0.125.0)
  - FlipperKit/FBCxxFollyDynamicConvert (0.125.0):
    - Flipper-Folly (~> 2.6)
  - FlipperKit/FBDefines (0.125.0)
  - FlipperKit/FKPortForwarding (0.125.0):
    - CocoaAsyncSocket (~> 7.6)
    - Flipper-PeerTalk (~> 0.0.4)
  - FlipperKit/FlipperKitHighlightOverlay (0.125.0)
  - FlipperKit/FlipperKitLayoutHelpers (0.125.0):
    - FlipperKit/Core
    - FlipperKit/FlipperKitHighlightOverlay
    - FlipperKit/FlipperKitLayoutTextSearchable
  - FlipperKit/FlipperKitLayoutIOSDescriptors (0.125.0):
    - FlipperKit/Core
    - FlipperKit/FlipperKitHighlightOverlay
    - FlipperKit/FlipperKitLayoutHelpers
    - YogaKit (~> 1.18)
  - FlipperKit/FlipperKitLayoutPlugin (0.125.0):
    - FlipperKit/Core
    - FlipperKit/FlipperKitHighlightOverlay
    - FlipperKit/FlipperKitLayoutHelpers
    - FlipperKit/FlipperKitLayoutIOSDescriptors
    - FlipperKit/FlipperKitLayoutTextSearchable
    - YogaKit (~> 1.18)
  - FlipperKit/FlipperKitLayoutTextSearchable (0.125.0)
  - FlipperKit/FlipperKitNetworkPlugin (0.125.0):
    - FlipperKit/Core
  - FlipperKit/FlipperKitReactPlugin (0.125.0):
    - FlipperKit/Core
  - FlipperKit/FlipperKitUserDefaultsPlugin (0.125.0):
    - FlipperKit/Core
  - FlipperKit/SKIOSNetworkPlugin (0.125.0):
    - FlipperKit/Core
    - FlipperKit/FlipperKitNetworkPlugin
  - fmt (6.2.1)
  - glog (0.3.5)
  - hermes-engine (0.70.8)
  - libevent (2.1.12)
  - OpenSSL-Universal (1.1.1100)
  - RCT-Folly (2021.07.22.00):
    - boost
    - DoubleConversion
    - fmt (~> 6.2.1)
    - glog
    - RCT-Folly/Default (= 2021.07.22.00)
  - RCT-Folly/Default (2021.07.22.00):
    - boost
    - DoubleConversion
    - fmt (~> 6.2.1)
    - glog
  - RCT-Folly/Futures (2021.07.22.00):
    - boost
    - DoubleConversion
    - fmt (~> 6.2.1)
    - glog
    - libevent
  - RCTRequired (0.70.8)
  - RCTTypeSafety (0.70.8):
    - FBLazyVector (= 0.70.8)
    - RCTRequired (= 0.70.8)
    - React-Core (= 0.70.8)
  - React (0.70.8):
    - React-Core (= 0.70.8)
    - React-Core/DevSupport (= 0.70.8)
    - React-Core/RCTWebSocket (= 0.70.8)
    - React-RCTActionSheet (= 0.70.8)
    - React-RCTAnimation (= 0.70.8)
    - React-RCTBlob (= 0.70.8)
    - React-RCTImage (= 0.70.8)
    - React-RCTLinking (= 0.70.8)
    - React-RCTNetwork (= 0.70.8)
    - React-RCTSettings (= 0.70.8)
    - React-RCTText (= 0.70.8)
    - React-RCTVibration (= 0.70.8)
  - React-bridging (0.70.8):
    - RCT-Folly (= 2021.07.22.00)
    - React-jsi (= 0.70.8)
  - React-callinvoker (0.70.8)
  - React-Codegen (0.70.8):
    - FBReactNativeSpec (= 0.70.8)
    - RCT-Folly (= 2021.07.22.00)
    - RCTRequired (= 0.70.8)
    - RCTTypeSafety (= 0.70.8)
    - React-Core (= 0.70.8)
    - React-jsi (= 0.70.8)
    - React-jsiexecutor (= 0.70.8)
    - ReactCommon/turbomodule/core (= 0.70.8)
  - React-Core (0.70.8):
    - glog
    - RCT-Folly (= 2021.07.22.00)
    - React-Core/Default (= 0.70.8)
    - React-cxxreact (= 0.70.8)
    - React-jsi (= 0.70.8)
    - React-jsiexecutor (= 0.70.8)
    - React-perflogger (= 0.70.8)
    - Yoga
  - React-Core/CoreModulesHeaders (0.70.8):
    - glog
    - RCT-Folly (= 2021.07.22.00)
    - React-Core/Default
    - React-cxxreact (= 0.70.8)
    - React-jsi (= 0.70.8)
    - React-jsiexecutor (= 0.70.8)
    - React-perflogger (= 0.70.8)
    - Yoga
  - React-Core/Default (0.70.8):
    - glog
    - RCT-Folly (= 2021.07.22.00)
    - React-cxxreact (= 0.70.8)
    - React-jsi (= 0.70.8)
    - React-jsiexecutor (= 0.70.8)
    - React-perflogger (= 0.70.8)
    - Yoga
  - React-Core/DevSupport (0.70.8):
    - glog
    - RCT-Folly (= 2021.07.22.00)
    - React-Core/Default (= 0.70.8)
    - React-Core/RCTWebSocket (= 0.70.8)
    - React-cxxreact (= 0.70.8)
    - React-jsi (= 0.70.8)
    - React-jsiexecutor (= 0.70.8)
    - React-jsinspector (= 0.70.8)
    - React-perflogger (= 0.70.8)
    - Yoga
  - React-Core/RCTActionSheetHeaders (0.70.8):
    - glog
    - RCT-Folly (= 2021.07.22.00)
    - React-Core/Default
    - React-cxxreact (= 0.70.8)
    - React-jsi (= 0.70.8)
    - React-jsiexecutor (= 0.70.8)
    - React-perflogger (= 0.70.8)
    - Yoga
  - React-Core/RCTAnimationHeaders (0.70.8):
    - glog
    - RCT-Folly (= 2021.07.22.00)
    - React-Core/Default
    - React-cxxreact (= 0.70.8)
    - React-jsi (= 0.70.8)
    - React-jsiexecutor (= 0.70.8)
    - React-perflogger (= 0.70.8)
    - Yoga
  - React-Core/RCTBlobHeaders (0.70.8):
    - glog
    - RCT-Folly (= 2021.07.22.00)
    - React-Core/Default
    - React-cxxreact (= 0.70.8)
    - React-jsi (= 0.70.8)
    - React-jsiexecutor (= 0.70.8)
    - React-perflogger (= 0.70.8)
    - Yoga
  - React-Core/RCTImageHeaders (0.70.8):
    - glog
    - RCT-Folly (= 2021.07.22.00)
    - React-Core/Default
    - React-cxxreact (= 0.70.8)
    - React-jsi (= 0.70.8)
    - React-jsiexecutor (= 0.70.8)
    - React-perflogger (= 0.70.8)
    - Yoga
  - React-Core/RCTLinkingHeaders (0.70.8):
    - glog
    - RCT-Folly (= 2021.07.22.00)
    - React-Core/Default
    - React-cxxreact (= 0.70.8)
    - React-jsi (= 0.70.8)
    - React-jsiexecutor (= 0.70.8)
    - React-perflogger (= 0.70.8)
    - Yoga
  - React-Core/RCTNetworkHeaders (0.70.8):
    - glog
    - RCT-Folly (= 2021.07.22.00)
    - React-Core/Default
    - React-cxxreact (= 0.70.8)
    - React-jsi (= 0.70.8)
    - React-jsiexecutor (= 0.70.8)
    - React-perflogger (= 0.70.8)
    - Yoga
  - React-Core/RCTSettingsHeaders (0.70.8):
    - glog
    - RCT-Folly (= 2021.07.22.00)
    - React-Core/Default
    - React-cxxreact (= 0.70.8)
    - React-jsi (= 0.70.8)
    - React-jsiexecutor (= 0.70.8)
    - React-perflogger (= 0.70.8)
    - Yoga
  - React-Core/RCTTextHeaders (0.70.8):
    - glog
    - RCT-Folly (= 2021.07.22.00)
    - React-Core/Default
    - React-cxxreact (= 0.70.8)
    - React-jsi (= 0.70.8)
    - React-jsiexecutor (= 0.70.8)
    - React-perflogger (= 0.70.8)
    - Yoga
  - React-Core/RCTVibrationHeaders (0.70.8):
    - glog
    - RCT-Folly (= 2021.07.22.00)
    - React-Core/Default
    - React-cxxreact (= 0.70.8)
    - React-jsi (= 0.70.8)
    - React-jsiexecutor (= 0.70.8)
    - React-perflogger (= 0.70.8)
    - Yoga
  - React-Core/RCTWebSocket (0.70.8):
    - glog
    - RCT-Folly (= 2021.07.22.00)
    - React-Core/Default (= 0.70.8)
    - React-cxxreact (= 0.70.8)
    - React-jsi (= 0.70.8)
    - React-jsiexecutor (= 0.70.8)
    - React-perflogger (= 0.70.8)
    - Yoga
  - React-CoreModules (0.70.8):
    - RCT-Folly (= 2021.07.22.00)
    - RCTTypeSafety (= 0.70.8)
    - React-Codegen (= 0.70.8)
    - React-Core/CoreModulesHeaders (= 0.70.8)
    - React-jsi (= 0.70.8)
    - React-RCTImage (= 0.70.8)
    - ReactCommon/turbomodule/core (= 0.70.8)
  - React-cxxreact (0.70.8):
    - boost (= 1.76.0)
    - DoubleConversion
    - glog
    - RCT-Folly (= 2021.07.22.00)
    - React-callinvoker (= 0.70.8)
    - React-jsi (= 0.70.8)
    - React-jsinspector (= 0.70.8)
    - React-logger (= 0.70.8)
    - React-perflogger (= 0.70.8)
    - React-runtimeexecutor (= 0.70.8)
  - React-hermes (0.70.8):
    - DoubleConversion
    - glog
    - hermes-engine
    - RCT-Folly (= 2021.07.22.00)
    - RCT-Folly/Futures (= 2021.07.22.00)
    - React-cxxreact (= 0.70.8)
    - React-jsi (= 0.70.8)
    - React-jsiexecutor (= 0.70.8)
    - React-jsinspector (= 0.70.8)
    - React-perflogger (= 0.70.8)
  - React-jsi (0.70.8):
    - boost (= 1.76.0)
    - DoubleConversion
    - glog
    - RCT-Folly (= 2021.07.22.00)
    - React-jsi/Default (= 0.70.8)
  - React-jsi/Default (0.70.8):
    - boost (= 1.76.0)
    - DoubleConversion
    - glog
    - RCT-Folly (= 2021.07.22.00)
  - React-jsiexecutor (0.70.8):
    - DoubleConversion
    - glog
    - RCT-Folly (= 2021.07.22.00)
    - React-cxxreact (= 0.70.8)
    - React-jsi (= 0.70.8)
    - React-perflogger (= 0.70.8)
  - React-jsinspector (0.70.8)
  - React-logger (0.70.8):
    - glog
  - react-native-safe-area-context (4.4.1):
    - RCT-Folly
    - RCTRequired
    - RCTTypeSafety
    - React-Core
    - ReactCommon/turbomodule/core
  - React-perflogger (0.70.8)
  - React-RCTActionSheet (0.70.8):
    - React-Core/RCTActionSheetHeaders (= 0.70.8)
  - React-RCTAnimation (0.70.8):
    - RCT-Folly (= 2021.07.22.00)
    - RCTTypeSafety (= 0.70.8)
    - React-Codegen (= 0.70.8)
    - React-Core/RCTAnimationHeaders (= 0.70.8)
    - React-jsi (= 0.70.8)
    - ReactCommon/turbomodule/core (= 0.70.8)
  - React-RCTBlob (0.70.8):
    - RCT-Folly (= 2021.07.22.00)
    - React-Codegen (= 0.70.8)
    - React-Core/RCTBlobHeaders (= 0.70.8)
    - React-Core/RCTWebSocket (= 0.70.8)
    - React-jsi (= 0.70.8)
    - React-RCTNetwork (= 0.70.8)
    - ReactCommon/turbomodule/core (= 0.70.8)
  - React-RCTImage (0.70.8):
    - RCT-Folly (= 2021.07.22.00)
    - RCTTypeSafety (= 0.70.8)
    - React-Codegen (= 0.70.8)
    - React-Core/RCTImageHeaders (= 0.70.8)
    - React-jsi (= 0.70.8)
    - React-RCTNetwork (= 0.70.8)
    - ReactCommon/turbomodule/core (= 0.70.8)
  - React-RCTLinking (0.70.8):
    - React-Codegen (= 0.70.8)
    - React-Core/RCTLinkingHeaders (= 0.70.8)
    - React-jsi (= 0.70.8)
    - ReactCommon/turbomodule/core (= 0.70.8)
  - React-RCTNetwork (0.70.8):
    - RCT-Folly (= 2021.07.22.00)
    - RCTTypeSafety (= 0.70.8)
    - React-Codegen (= 0.70.8)
    - React-Core/RCTNetworkHeaders (= 0.70.8)
    - React-jsi (= 0.70.8)
    - ReactCommon/turbomodule/core (= 0.70.8)
  - React-RCTSettings (0.70.8):
    - RCT-Folly (= 2021.07.22.00)
    - RCTTypeSafety (= 0.70.8)
    - React-Codegen (= 0.70.8)
    - React-Core/RCTSettingsHeaders (= 0.70.8)
    - React-jsi (= 0.70.8)
    - ReactCommon/turbomodule/core (= 0.70.8)
  - React-RCTText (0.70.8):
    - React-Core/RCTTextHeaders (= 0.70.8)
  - React-RCTVibration (0.70.8):
    - RCT-Folly (= 2021.07.22.00)
    - React-Codegen (= 0.70.8)
    - React-Core/RCTVibrationHeaders (= 0.70.8)
    - React-jsi (= 0.70.8)
    - ReactCommon/turbomodule/core (= 0.70.8)
  - React-runtimeexecutor (0.70.8):
    - React-jsi (= 0.70.8)
  - ReactCommon/turbomodule/core (0.70.8):
    - DoubleConversion
    - glog
    - RCT-Folly (= 2021.07.22.00)
    - React-bridging (= 0.70.8)
    - React-callinvoker (= 0.70.8)
    - React-Core (= 0.70.8)
    - React-cxxreact (= 0.70.8)
    - React-jsi (= 0.70.8)
    - React-logger (= 0.70.8)
    - React-perflogger (= 0.70.8)
  - RNBootSplash (4.3.2):
    - React-Core
  - RNCAsyncStorage (1.17.12):
    - React-Core
  - RNGestureHandler (2.8.0):
    - React-Core
  - RNReanimated (2.12.0):
    - DoubleConversion
    - FBLazyVector
    - FBReactNativeSpec
    - glog
    - RCT-Folly
    - RCTRequired
    - RCTTypeSafety
    - React-callinvoker
    - React-Core
    - React-Core/DevSupport
    - React-Core/RCTWebSocket
    - React-CoreModules
    - React-cxxreact
    - React-jsi
    - React-jsiexecutor
    - React-jsinspector
    - React-RCTActionSheet
    - React-RCTAnimation
    - React-RCTBlob
    - React-RCTImage
    - React-RCTLinking
    - React-RCTNetwork
    - React-RCTSettings
    - React-RCTText
    - ReactCommon/turbomodule/core
    - Yoga
  - RNScreens (3.18.2):
    - React-Core
    - React-RCTImage
  - SocketRocket (0.6.0)
  - Yoga (1.14.0)
  - YogaKit (1.18.1):
    - Yoga (~> 1.14)

DEPENDENCIES:
  - boost (from `../node_modules/react-native/third-party-podspecs/boost.podspec`)
  - DoubleConversion (from `../node_modules/react-native/third-party-podspecs/DoubleConversion.podspec`)
  - EXApplication (from `../node_modules/expo-application/ios`)
  - EXConstants (from `../node_modules/expo-constants/ios`)
  - EXDevice (from `../node_modules/expo-device/ios`)
  - EXFileSystem (from `../node_modules/expo-file-system/ios`)
  - EXFont (from `../node_modules/expo-font/ios`)
  - Expo (from `../node_modules/expo`)
  - ExpoKeepAwake (from `../node_modules/expo-keep-awake/ios`)
  - ExpoLocalization (from `../node_modules/expo-localization/ios`)
  - ExpoModulesCore (from `../node_modules/expo-modules-core`)
  - EXSplashScreen (from `../node_modules/expo-splash-screen/ios`)
  - FBLazyVector (from `../node_modules/react-native/Libraries/FBLazyVector`)
  - FBReactNativeSpec (from `../node_modules/react-native/React/FBReactNativeSpec`)
  - Flipper (= 0.125.0)
  - Flipper-Boost-iOSX (= 1.76.0.1.11)
  - Flipper-DoubleConversion (= 3.2.0.1)
  - Flipper-Fmt (= 7.1.7)
  - Flipper-Folly (= 2.6.10)
  - Flipper-Glog (= 0.5.0.5)
  - Flipper-PeerTalk (= 0.0.4)
  - Flipper-RSocket (= 1.4.3)
  - FlipperKit (= 0.125.0)
  - FlipperKit/Core (= 0.125.0)
  - FlipperKit/CppBridge (= 0.125.0)
  - FlipperKit/FBCxxFollyDynamicConvert (= 0.125.0)
  - FlipperKit/FBDefines (= 0.125.0)
  - FlipperKit/FKPortForwarding (= 0.125.0)
  - FlipperKit/FlipperKitHighlightOverlay (= 0.125.0)
  - FlipperKit/FlipperKitLayoutPlugin (= 0.125.0)
  - FlipperKit/FlipperKitLayoutTextSearchable (= 0.125.0)
  - FlipperKit/FlipperKitNetworkPlugin (= 0.125.0)
  - FlipperKit/FlipperKitReactPlugin (= 0.125.0)
  - FlipperKit/FlipperKitUserDefaultsPlugin (= 0.125.0)
  - FlipperKit/SKIOSNetworkPlugin (= 0.125.0)
  - glog (from `../node_modules/react-native/third-party-podspecs/glog.podspec`)
  - hermes-engine (from `../node_modules/react-native/sdks/hermes/hermes-engine.podspec`)
  - libevent (~> 2.1.12)
  - OpenSSL-Universal (= 1.1.1100)
  - RCT-Folly (from `../node_modules/react-native/third-party-podspecs/RCT-Folly.podspec`)
  - RCTRequired (from `../node_modules/react-native/Libraries/RCTRequired`)
  - RCTTypeSafety (from `../node_modules/react-native/Libraries/TypeSafety`)
  - React (from `../node_modules/react-native/`)
  - React-bridging (from `../node_modules/react-native/ReactCommon`)
  - React-callinvoker (from `../node_modules/react-native/ReactCommon/callinvoker`)
  - React-Codegen (from `build/generated/ios`)
  - React-Core (from `../node_modules/react-native/`)
  - React-Core/DevSupport (from `../node_modules/react-native/`)
  - React-Core/RCTWebSocket (from `../node_modules/react-native/`)
  - React-CoreModules (from `../node_modules/react-native/React/CoreModules`)
  - React-cxxreact (from `../node_modules/react-native/ReactCommon/cxxreact`)
  - React-hermes (from `../node_modules/react-native/ReactCommon/hermes`)
  - React-jsi (from `../node_modules/react-native/ReactCommon/jsi`)
  - React-jsiexecutor (from `../node_modules/react-native/ReactCommon/jsiexecutor`)
  - React-jsinspector (from `../node_modules/react-native/ReactCommon/jsinspector`)
  - React-logger (from `../node_modules/react-native/ReactCommon/logger`)
  - react-native-safe-area-context (from `../node_modules/react-native-safe-area-context`)
  - React-perflogger (from `../node_modules/react-native/ReactCommon/reactperflogger`)
  - React-RCTActionSheet (from `../node_modules/react-native/Libraries/ActionSheetIOS`)
  - React-RCTAnimation (from `../node_modules/react-native/Libraries/NativeAnimation`)
  - React-RCTBlob (from `../node_modules/react-native/Libraries/Blob`)
  - React-RCTImage (from `../node_modules/react-native/Libraries/Image`)
  - React-RCTLinking (from `../node_modules/react-native/Libraries/LinkingIOS`)
  - React-RCTNetwork (from `../node_modules/react-native/Libraries/Network`)
  - React-RCTSettings (from `../node_modules/react-native/Libraries/Settings`)
  - React-RCTText (from `../node_modules/react-native/Libraries/Text`)
  - React-RCTVibration (from `../node_modules/react-native/Libraries/Vibration`)
  - React-runtimeexecutor (from `../node_modules/react-native/ReactCommon/runtimeexecutor`)
  - ReactCommon/turbomodule/core (from `../node_modules/react-native/ReactCommon`)
  - RNBootSplash (from `../node_modules/react-native-bootsplash`)
  - "RNCAsyncStorage (from `../node_modules/@react-native-async-storage/async-storage`)"
  - RNGestureHandler (from `../node_modules/react-native-gesture-handler`)
  - RNReanimated (from `../node_modules/react-native-reanimated`)
  - RNScreens (from `../node_modules/react-native-screens`)
  - Yoga (from `../node_modules/react-native/ReactCommon/yoga`)

SPEC REPOS:
  trunk:
    - CocoaAsyncSocket
    - Flipper
    - Flipper-Boost-iOSX
    - Flipper-DoubleConversion
    - Flipper-Fmt
    - Flipper-Folly
    - Flipper-Glog
    - Flipper-PeerTalk
    - Flipper-RSocket
    - FlipperKit
    - fmt
    - libevent
    - OpenSSL-Universal
    - SocketRocket
    - YogaKit

EXTERNAL SOURCES:
  boost:
    :podspec: "../node_modules/react-native/third-party-podspecs/boost.podspec"
  DoubleConversion:
    :podspec: "../node_modules/react-native/third-party-podspecs/DoubleConversion.podspec"
  EXApplication:
    :path: "../node_modules/expo-application/ios"
  EXConstants:
    :path: "../node_modules/expo-constants/ios"
  EXDevice:
    :path: "../node_modules/expo-device/ios"
  EXFileSystem:
    :path: "../node_modules/expo-file-system/ios"
  EXFont:
    :path: "../node_modules/expo-font/ios"
  Expo:
    :path: "../node_modules/expo"
  ExpoKeepAwake:
    :path: "../node_modules/expo-keep-awake/ios"
  ExpoLocalization:
    :path: "../node_modules/expo-localization/ios"
  ExpoModulesCore:
    :path: "../node_modules/expo-modules-core"
  EXSplashScreen:
    :path: "../node_modules/expo-splash-screen/ios"
  FBLazyVector:
    :path: "../node_modules/react-native/Libraries/FBLazyVector"
  FBReactNativeSpec:
    :path: "../node_modules/react-native/React/FBReactNativeSpec"
  glog:
    :podspec: "../node_modules/react-native/third-party-podspecs/glog.podspec"
  hermes-engine:
    :podspec: "../node_modules/react-native/sdks/hermes/hermes-engine.podspec"
  RCT-Folly:
    :podspec: "../node_modules/react-native/third-party-podspecs/RCT-Folly.podspec"
  RCTRequired:
    :path: "../node_modules/react-native/Libraries/RCTRequired"
  RCTTypeSafety:
    :path: "../node_modules/react-native/Libraries/TypeSafety"
  React:
    :path: "../node_modules/react-native/"
  React-bridging:
    :path: "../node_modules/react-native/ReactCommon"
  React-callinvoker:
    :path: "../node_modules/react-native/ReactCommon/callinvoker"
  React-Codegen:
    :path: build/generated/ios
  React-Core:
    :path: "../node_modules/react-native/"
  React-CoreModules:
    :path: "../node_modules/react-native/React/CoreModules"
  React-cxxreact:
    :path: "../node_modules/react-native/ReactCommon/cxxreact"
  React-hermes:
    :path: "../node_modules/react-native/ReactCommon/hermes"
  React-jsi:
    :path: "../node_modules/react-native/ReactCommon/jsi"
  React-jsiexecutor:
    :path: "../node_modules/react-native/ReactCommon/jsiexecutor"
  React-jsinspector:
    :path: "../node_modules/react-native/ReactCommon/jsinspector"
  React-logger:
    :path: "../node_modules/react-native/ReactCommon/logger"
  react-native-safe-area-context:
    :path: "../node_modules/react-native-safe-area-context"
  React-perflogger:
    :path: "../node_modules/react-native/ReactCommon/reactperflogger"
  React-RCTActionSheet:
    :path: "../node_modules/react-native/Libraries/ActionSheetIOS"
  React-RCTAnimation:
    :path: "../node_modules/react-native/Libraries/NativeAnimation"
  React-RCTBlob:
    :path: "../node_modules/react-native/Libraries/Blob"
  React-RCTImage:
    :path: "../node_modules/react-native/Libraries/Image"
  React-RCTLinking:
    :path: "../node_modules/react-native/Libraries/LinkingIOS"
  React-RCTNetwork:
    :path: "../node_modules/react-native/Libraries/Network"
  React-RCTSettings:
    :path: "../node_modules/react-native/Libraries/Settings"
  React-RCTText:
    :path: "../node_modules/react-native/Libraries/Text"
  React-RCTVibration:
    :path: "../node_modules/react-native/Libraries/Vibration"
  React-runtimeexecutor:
    :path: "../node_modules/react-native/ReactCommon/runtimeexecutor"
  ReactCommon:
    :path: "../node_modules/react-native/ReactCommon"
  RNBootSplash:
    :path: "../node_modules/react-native-bootsplash"
  RNCAsyncStorage:
    :path: "../node_modules/@react-native-async-storage/async-storage"
  RNGestureHandler:
    :path: "../node_modules/react-native-gesture-handler"
  RNReanimated:
    :path: "../node_modules/react-native-reanimated"
  RNScreens:
    :path: "../node_modules/react-native-screens"
  Yoga:
    :path: "../node_modules/react-native/ReactCommon/yoga"

SPEC CHECKSUMS:
  boost: a7c83b31436843459a1961bfd74b96033dc77234
  CocoaAsyncSocket: 065fd1e645c7abab64f7a6a2007a48038fdc6a99
  DoubleConversion: 5189b271737e1565bdce30deb4a08d647e3f5f54
  EXApplication: 034b1c40a8e9fe1bff76a1e511ee90dff64ad834
  EXConstants: 3c86653c422dd77e40d10cbbabb3025003977415
  EXDevice: 734a55d8935ea8e075d12df1919a0497153bf55c
  EXFileSystem: 60602b6eefa6873f97172c684b7537c9760b50d6
  EXFont: 319606bfe48c33b5b5063fb0994afdc496befe80
  Expo: 5f4240506a147162542178989696e56e3dd72924
  ExpoKeepAwake: 69b59d0a8d2b24de9f82759c39b3821fec030318
  ExpoLocalization: e202d1e2a4950df17ac8d0889d65a1ffd7532d7e
  ExpoModulesCore: 485dff3a59b036a33b6050c0a5aea3cf1037fdd1
  EXSplashScreen: 3e989924f61a8dd07ee4ea584c6ba14be9b51949
  FBLazyVector: ce6c993e675c5e9684e3b83aa0c346eb116c3ec6
  FBReactNativeSpec: d8772db98ada3c2daf8f65e2105ada77bf209c02
  Flipper: 26fc4b7382499f1281eb8cb921e5c3ad6de91fe0
  Flipper-Boost-iOSX: fd1e2b8cbef7e662a122412d7ac5f5bea715403c
  Flipper-DoubleConversion: 2dc99b02f658daf147069aad9dbd29d8feb06d30
  Flipper-Fmt: 60cbdd92fc254826e61d669a5d87ef7015396a9b
  Flipper-Folly: 584845625005ff068a6ebf41f857f468decd26b3
  Flipper-Glog: 70c50ce58ddaf67dc35180db05f191692570f446
  Flipper-PeerTalk: 116d8f857dc6ef55c7a5a75ea3ceaafe878aadc9
  Flipper-RSocket: d9d9ade67cbecf6ac10730304bf5607266dd2541
  FlipperKit: cbdee19bdd4e7f05472a66ce290f1b729ba3cb86
  fmt: ff9d55029c625d3757ed641535fd4a75fedc7ce9
  glog: 04b94705f318337d7ead9e6d17c019bd9b1f6b1b
  hermes-engine: 0b19f33a9c2ec1dbdede3232606eeb1101db4cec
  libevent: 4049cae6c81cdb3654a443be001fb9bdceff7913
  OpenSSL-Universal: ebc357f1e6bc71fa463ccb2fe676756aff50e88c
  RCT-Folly: 0080d0a6ebf2577475bda044aa59e2ca1f909cda
  RCTRequired: 35a7977a5a3cb2d3830c3fef7352b7b116115829
  RCTTypeSafety: 259790fb8b16c94e57e0d3d1e2479e69a2b93f50
  React: 89f0551b8f7a555e38ce016a81c50bc68f1972a8
  React-bridging: 2e425b6bc8536206918fa55bf9dd37016f99bb33
  React-callinvoker: 1c733126b1e4d95d0d412d95c51cedf06b3b979d
  React-Codegen: 41d2ddcd966eac2a5f2698d5cd21e3d741e999bd
  React-Core: 3021f04b6b1a2064952e166470a58db671ed65b1
  React-CoreModules: f569f295874d0864bfd7a686dad3f828f4e8813a
  React-cxxreact: a6c952ae24061777510f7e60b808b673e624009e
  React-hermes: be32d1db90d052cc025a38ec2ea4e1a493d33c6a
  React-jsi: 3d7bafe69dddd780fb3527b7f939dfcbfd6790b5
  React-jsiexecutor: bc8556d76f83a1a9075cdee207aad7c0b7b30a33
  React-jsinspector: 5e5497c844f2381e8648ec3a7d0ad25b3f27f23e
  React-logger: b277ad8f4473f2506fb30b762b6348534a3de10e
  react-native-safe-area-context: 99b24a0c5acd0d5dcac2b1a7f18c49ea317be99a
  React-perflogger: e9249a18e055cae96fdf685bf6145cbea62506c8
  React-RCTActionSheet: a6d2a544a4605a111ce80fa9319cc870ca3ea778
  React-RCTAnimation: 21b776b15aa5451a0b5bcb342fd2f346817c1101
  React-RCTBlob: 95f54d45305b4103b29d8b2c1e705b5c3183239a
  React-RCTImage: 1b76ab9e3b60313edd85bc3fd3e07c29cec6ab68
  React-RCTLinking: 7176da2a80f3056152a51587812d6d0c451b1f7b
  React-RCTNetwork: d36f896304e6ef2998f58cd4199a0239bd312318
  React-RCTSettings: 004b9a1afb5870f4bcd06521c088e738c1558940
  React-RCTText: a2606a79fdb52dd2bde0d7fde7726160fa16b70c
  React-RCTVibration: 19d21a3ed620352180800447771f68a101f196e9
  React-runtimeexecutor: f795fd426264709901c09432c6ce072f8400147e
  ReactCommon: c440e7f15075e81eb29802521c58a1f38b1aa903
  RNBootSplash: 5f346163977573d6b2aeba1b25df9d2245c0d73c
  RNCAsyncStorage: 09fc8595e6d6f6d5abf16b23a56b257d9c6b7c5b
  RNGestureHandler: 62232ba8f562f7dea5ba1b3383494eb5bf97a4d3
  RNReanimated: 2a91e85fcd343f8af3c58d3425b99fdd285590a5
  RNScreens: 34cc502acf1b916c582c60003dc3089fa01dc66d
  SocketRocket: fccef3f9c5cedea1353a9ef6ada904fde10d6608
  Yoga: d6133108734e69e8c0becc6ba587294b94829687
  YogaKit: f782866e155069a2cca2517aafea43200b01fd5a

PODFILE CHECKSUM: 0aec3bd15c966160277b868456011f7fa83c13bb

COCOAPODS: 1.11.3
